<?xml version="1.0" encoding="utf-8"?>
<Project ToolsVersion="4.0" xmlns="http://schemas.microsoft.com/developer/msbuild/2003">
  <ItemGroup>
    <Filter Include="Fichiers sources">
      <UniqueIdentifier>{4FC737F1-C7A5-4376-A066-2A32D752A2FF}</UniqueIdentifier>
      <Extensions>cpp;c;cc;cxx;c++;cppm;ixx;def;odl;idl;hpj;bat;asm;asmx</Extensions>
    </Filter>
    <Filter Include="Fichiers d%27en-tête">
      <UniqueIdentifier>{93995380-89BD-4b04-88EB-625FBE52EBFB}</UniqueIdentifier>
      <Extensions>h;hh;hpp;hxx;h++;hm;inl;inc;ipp;xsd</Extensions>
    </Filter>
    <Filter Include="Fichiers de ressources">
      <UniqueIdentifier>{67DA6AB6-F800-4c08-8B7A-83BB121AAD01}</UniqueIdentifier>
      <Extensions>rc;ico;cur;bmp;dlg;rc2;rct;bin;rgs;gif;jpg;jpeg;jpe;resx;tiff;tif;png;wav;mfcribbon-ms</Extensions>
    </Filter>
    <Filter Include="Fichiers sources\TreatmentResults">
      <UniqueIdentifier>{6ced4021-2b05-40de-94ac-4446a5c37b61}</UniqueIdentifier>
    </Filter>
    <Filter Include="Fichiers sources\Datasets">
      <UniqueIdentifier>{dd6ddb99-770c-46fb-9378-cd91c38b1772}</UniqueIdentifier>
    </Filter>
    <Filter Include="Fichiers sources\Models">
      <UniqueIdentifier>{23bb944c-e2ee-4423-b8c4-2e9b77b1866d}</UniqueIdentifier>
    </Filter>
    <Filter Include="Fichiers sources\Tests">
      <UniqueIdentifier>{47c076d2-a909-40d9-bf8f-ec5fe251eca4}</UniqueIdentifier>
    </Filter>
  </ItemGroup>
  <ItemGroup>
    <ClCompile Include="Main.c">
      <Filter>Fichiers sources</Filter>
    </ClCompile>
    <ClCompile Include="Display.c">
      <Filter>Fichiers sources\TreatmentResults</Filter>
    </ClCompile>
    <ClCompile Include="Treatment.c">
      <Filter>Fichiers sources\TreatmentResults</Filter>
    </ClCompile>
    <ClCompile Include="CreateDatasets.c">
      <Filter>Fichiers sources\Datasets</Filter>
    </ClCompile>
    <ClCompile Include="CreateModels.c">
      <Filter>Fichiers sources\Models</Filter>
    </ClCompile>
    <ClCompile Include="Evaluation.c">
      <Filter>Fichiers sources\Tests</Filter>
    </ClCompile>
  </ItemGroup>
  <ItemGroup>
    <ClInclude Include="Headers.h">
      <Filter>Fichiers d%27en-tête</Filter>
    </ClInclude>
    <ClInclude Include="..\..\classificationStatistics\classificationStatistics.h">
      <Filter>Fichiers d%27en-tête</Filter>
    </ClInclude>
  </ItemGroup>
  <ItemGroup>
    <Object Include="..\..\classificationStatistics\classificationStatistics.obj">
      <Filter>Fichiers sources</Filter>
    </Object>
  </ItemGroup>
</Project>